schema: '2.0'
stages:
  make_dataset:
    cmd: python ./src/data/make_dataset.py
    deps:
    - path: ./src/data/make_dataset.py
      hash: md5
      md5: 65e06d0412ccda2ba2c28296a07ec23d
      size: 758
  build_features:
    cmd: python ./src/features/build_features.py
    deps:
    - path: ./src/features/build_features.py
      hash: md5
      md5: f861edea2a51c15d69379c47d5f01bff
      size: 1472
  train_model:
    cmd: python ./src/models/train_model.py
    deps:
    - path: ./src/models/train_model.py
      hash: md5
      md5: 667bc52f0079ca9e4cd498fc8dd96a2a
      size: 3445
